// !$*UTF8*$!
{
	archiveVersion = 1;
	classes = {
	};
	objectVersion = 56;
	objects = {

/* Begin PBXBuildFile section */
		C28484D12A758D4000A8912D /* AppDelegate.swift in Sources */ = {isa = PBXBuildFile; fileRef = C28484D02A758D4000A8912D /* AppDelegate.swift */; };
		C28484D32A758D4000A8912D /* SceneDelegate.swift in Sources */ = {isa = PBXBuildFile; fileRef = C28484D22A758D4000A8912D /* SceneDelegate.swift */; };
		C28484D82A758D4000A8912D /* Main.storyboard in Resources */ = {isa = PBXBuildFile; fileRef = C28484D62A758D4000A8912D /* Main.storyboard */; };
		C28484DA2A758D4300A8912D /* Assets.xcassets in Resources */ = {isa = PBXBuildFile; fileRef = C28484D92A758D4300A8912D /* Assets.xcassets */; };
		C28484DD2A758D4300A8912D /* LaunchScreen.storyboard in Resources */ = {isa = PBXBuildFile; fileRef = C28484DB2A758D4300A8912D /* LaunchScreen.storyboard */; };
		C28484E82A758E4E00A8912D /* Pokemon.swift in Sources */ = {isa = PBXBuildFile; fileRef = C28484E72A758E4E00A8912D /* Pokemon.swift */; };
		C28484EA2A75906700A8912D /* PokemonDataManager.swift in Sources */ = {isa = PBXBuildFile; fileRef = C28484E92A75906700A8912D /* PokemonDataManager.swift */; };
		C28484EC2A75932100A8912D /* PokemonViewController.swift in Sources */ = {isa = PBXBuildFile; fileRef = C28484EB2A75932100A8912D /* PokemonViewController.swift */; };
		C28484EE2A759C5700A8912D /* PokemonTableViewCell.swift in Sources */ = {isa = PBXBuildFile; fileRef = C28484ED2A759C5700A8912D /* PokemonTableViewCell.swift */; };
		C28484F02A75A5AF00A8912D /* PokemonDetailViewController.swift in Sources */ = {isa = PBXBuildFile; fileRef = C28484EF2A75A5AF00A8912D /* PokemonDetailViewController.swift */; };
/* End PBXBuildFile section */

/* Begin PBXFileReference section */
		C28484CD2A758D4000A8912D /* MVCExample.app */ = {isa = PBXFileReference; explicitFileType = wrapper.application; includeInIndex = 0; path = MVCExample.app; sourceTree = BUILT_PRODUCTS_DIR; };
		C28484D02A758D4000A8912D /* AppDelegate.swift */ = {isa = PBXFileReference; lastKnownFileType = sourcecode.swift; path = AppDelegate.swift; sourceTree = "<group>"; };
		C28484D22A758D4000A8912D /* SceneDelegate.swift */ = {isa = PBXFileReference; lastKnownFileType = sourcecode.swift; path = SceneDelegate.swift; sourceTree = "<group>"; };
		C28484D72A758D4000A8912D /* Base */ = {isa = PBXFileReference; lastKnownFileType = file.storyboard; name = Base; path = Base.lproj/Main.storyboard; sourceTree = "<group>"; };
		C28484D92A758D4300A8912D /* Assets.xcassets */ = {isa = PBXFileReference; lastKnownFileType = folder.assetcatalog; path = Assets.xcassets; sourceTree = "<group>"; };
		C28484DC2A758D4300A8912D /* Base */ = {isa = PBXFileReference; lastKnownFileType = file.storyboard; name = Base; path = Base.lproj/LaunchScreen.storyboard; sourceTree = "<group>"; };
		C28484DE2A758D4300A8912D /* Info.plist */ = {isa = PBXFileReference; lastKnownFileType = text.plist.xml; path = Info.plist; sourceTree = "<group>"; };
		C28484E72A758E4E00A8912D /* Pokemon.swift */ = {isa = PBXFileReference; lastKnownFileType = sourcecode.swift; path = Pokemon.swift; sourceTree = "<group>"; };
		C28484E92A75906700A8912D /* PokemonDataManager.swift */ = {isa = PBXFileReference; lastKnownFileType = sourcecode.swift; path = PokemonDataManager.swift; sourceTree = "<group>"; };
		C28484EB2A75932100A8912D /* PokemonViewController.swift */ = {isa = PBXFileReference; lastKnownFileType = sourcecode.swift; path = PokemonViewController.swift; sourceTree = "<group>"; };
		C28484ED2A759C5700A8912D /* PokemonTableViewCell.swift */ = {isa = PBXFileReference; lastKnownFileType = sourcecode.swift; path = PokemonTableViewCell.swift; sourceTree = "<group>"; };
		C28484EF2A75A5AF00A8912D /* PokemonDetailViewController.swift */ = {isa = PBXFileReference; lastKnownFileType = sourcecode.swift; path = PokemonDetailViewController.swift; sourceTree = "<group>"; };
/* End PBXFileReference section */

/* Begin PBXFrameworksBuildPhase section */
		C28484CA2A758D4000A8912D /* Frameworks */ = {
			isa = PBXFrameworksBuildPhase;
			buildActionMask = 2147483647;
			files = (
			);
			runOnlyForDeploymentPostprocessing = 0;
		};
/* End PBXFrameworksBuildPhase section */

/* Begin PBXGroup section */
		C28484C42A758D4000A8912D = {
			isa = PBXGroup;
			children = (
				C28484CF2A758D4000A8912D /* MVCExample */,
				C28484CE2A758D4000A8912D /* Products */,
			);
			sourceTree = "<group>";
		};
		C28484CE2A758D4000A8912D /* Products */ = {
			isa = PBXGroup;
			children = (
				C28484CD2A758D4000A8912D /* MVCExample.app */,
			);
			name = Products;
			sourceTree = "<group>";
		};
		C28484CF2A758D4000A8912D /* MVCExample */ = {
			isa = PBXGroup;
			children = (
				C28484E42A758E2200A8912D /* Model */,
				C28484E62A758E3000A8912D /* Controller */,
				C28484E52A758E2A00A8912D /* View */,
				C28484D02A758D4000A8912D /* AppDelegate.swift */,
				C28484D22A758D4000A8912D /* SceneDelegate.swift */,
				C28484D62A758D4000A8912D /* Main.storyboard */,
				C28484D92A758D4300A8912D /* Assets.xcassets */,
				C28484DB2A758D4300A8912D /* LaunchScreen.storyboard */,
				C28484DE2A758D4300A8912D /* Info.plist */,
			);
			path = MVCExample;
			sourceTree = "<group>";
		};
		C28484E42A758E2200A8912D /* Model */ = {
			isa = PBXGroup;
			children = (
				C28484E72A758E4E00A8912D /* Pokemon.swift */,
				C28484E92A75906700A8912D /* PokemonDataManager.swift */,
			);
			path = Model;
			sourceTree = "<group>";
		};
		C28484E52A758E2A00A8912D /* View */ = {
			isa = PBXGroup;
			children = (
				C28484ED2A759C5700A8912D /* PokemonTableViewCell.swift */,
			);
			path = View;
			sourceTree = "<group>";
		};
		C28484E62A758E3000A8912D /* Controller */ = {
			isa = PBXGroup;
			children = (
				C28484EB2A75932100A8912D /* PokemonViewController.swift */,
				C28484EF2A75A5AF00A8912D /* PokemonDetailViewController.swift */,
			);
			path = Controller;
			sourceTree = "<group>";
		};
/* End PBXGroup section */

/* Begin PBXNativeTarget section */
		C28484CC2A758D4000A8912D /* MVCExample */ = {
			isa = PBXNativeTarget;
			buildConfigurationList = C28484E12A758D4300A8912D /* Build configuration list for PBXNativeTarget "MVCExample" */;
			buildPhases = (
				C28484C92A758D4000A8912D /* Sources */,
				C28484CA2A758D4000A8912D /* Frameworks */,
				C28484CB2A758D4000A8912D /* Resources */,
			);
			buildRules = (
			);
			dependencies = (
			);
			name = MVCExample;
			productName = MVCExample;
			productReference = C28484CD2A758D4000A8912D /* MVCExample.app */;
			productType = "com.apple.product-type.application";
		};
/* End PBXNativeTarget section */

/* Begin PBXProject section */
		C28484C52A758D4000A8912D /* Project object */ = {
			isa = PBXProject;
			attributes = {
				BuildIndependentTargetsInParallel = 1;
				LastSwiftUpdateCheck = 1420;
				LastUpgradeCheck = 1420;
				TargetAttributes = {
					C28484CC2A758D4000A8912D = {
						CreatedOnToolsVersion = 14.2;
					};
				};
			};
			buildConfigurationList = C28484C82A758D4000A8912D /* Build configuration list for PBXProject "MVCExample" */;
			compatibilityVersion = "Xcode 14.0";
			developmentRegion = en;
			hasScannedForEncodings = 0;
			knownRegions = (
				en,
				Base,
			);
			mainGroup = C28484C42A758D4000A8912D;
			productRefGroup = C28484CE2A758D4000A8912D /* Products */;
			projectDirPath = "";
			projectRoot = "";
			targets = (
				C28484CC2A758D4000A8912D /* MVCExample */,
			);
		};
/* End PBXProject section */

/* Begin PBXResourcesBuildPhase section */
		C28484CB2A758D4000A8912D /* Resources */ = {
			isa = PBXResourcesBuildPhase;
			buildActionMask = 2147483647;
			files = (
				C28484DD2A758D4300A8912D /* LaunchScreen.storyboard in Resources */,
				C28484DA2A758D4300A8912D /* Assets.xcassets in Resources */,
				C28484D82A758D4000A8912D /* Main.storyboard in Resources */,
			);
			runOnlyForDeploymentPostprocessing = 0;
		};
/* End PBXResourcesBuildPhase section */

/* Begin PBXSourcesBuildPhase section */
		C28484C92A758D4000A8912D /* Sources */ = {
			isa = PBXSourcesBuildPhase;
			buildActionMask = 2147483647;
			files = (
				C28484E82A758E4E00A8912D /* Pokemon.swift in Sources */,
				C28484EC2A75932100A8912D /* PokemonViewController.swift in Sources */,
				C28484F02A75A5AF00A8912D /* PokemonDetailViewController.swift in Sources */,
				C28484D12A758D4000A8912D /* AppDelegate.swift in Sources */,
				C28484EE2A759C5700A8912D /* PokemonTableViewCell.swift in Sources */,
				C28484EA2A75906700A8912D /* PokemonDataManager.swift in Sources */,
				C28484D32A758D4000A8912D /* SceneDelegate.swift in Sources */,
			);
			runOnlyForDeploymentPostprocessing = 0;
		};
/* End PBXSourcesBuildPhase section */

/* Begin PBXVariantGroup section */
		C28484D62A758D4000A8912D /* Main.storyboard */ = {
			isa = PBXVariantGroup;
			children = (
				C28484D72A758D4000A8912D /* Base */,
			);
			name = Main.storyboard;
			sourceTree = "<group>";
		};
		C28484DB2A758D4300A8912D /* LaunchScreen.storyboard */ = {
			isa = PBXVariantGroup;
			children = (
				C28484DC2A758D4300A8912D /* Base */,
			);
			name = LaunchScreen.storyboard;
			sourceTree = "<group>";
		};
/* End PBXVariantGroup section */

/* Begin XCBuildConfiguration section */
		C28484DF2A758D4300A8912D /* Debug */ = {
			isa = XCBuildConfiguration;
			buildSettings = {
				ALWAYS_SEARCH_USER_PATHS = NO;
				CLANG_ANALYZER_NONNULL = YES;
				CLANG_ANALYZER_NUMBER_OBJECT_CONVERSION = YES_AGGRESSIVE;
				CLANG_CXX_LANGUAGE_STANDARD = "gnu++20";
				CLANG_ENABLE_MODULES = YES;
				CLANG_ENABLE_OBJC_ARC = YES;
				CLANG_ENABLE_OBJC_WEAK = YES;
				CLANG_WARN_BLOCK_CAPTURE_AUTORELEASING = YES;
				CLANG_WARN_BOOL_CONVERSION = YES;
				CLANG_WARN_COMMA = YES;
				CLANG_WARN_CONSTANT_CONVERSION = YES;
				CLANG_WARN_DEPRECATED_OBJC_IMPLEMENTATIONS = YES;
				CLANG_WARN_DIRECT_OBJC_ISA_USAGE = YES_ERROR;
				CLANG_WARN_DOCUMENTATION_COMMENTS = YES;
				CLANG_WARN_EMPTY_BODY = YES;
				CLANG_WARN_ENUM_CONVERSION = YES;
				CLANG_WARN_INFINITE_RECURSION = YES;
				CLANG_WARN_INT_CONVERSION = YES;
				CLANG_WARN_NON_LITERAL_NULL_CONVERSION = YES;
				CLANG_WARN_OBJC_IMPLICIT_RETAIN_SELF = YES;
				CLANG_WARN_OBJC_LITERAL_CONVERSION = YES;
				CLANG_WARN_OBJC_ROOT_CLASS = YES_ERROR;
				CLANG_WARN_QUOTED_INCLUDE_IN_FRAMEWORK_HEADER = YES;
				CLANG_WARN_RANGE_LOOP_ANALYSIS = YES;
				CLANG_WARN_STRICT_PROTOTYPES = YES;
				CLANG_WARN_SUSPICIOUS_MOVE = YES;
				CLANG_WARN_UNGUARDED_AVAILABILITY = YES_AGGRESSIVE;
				CLANG_WARN_UNREACHABLE_CODE = YES;
				CLANG_WARN__DUPLICATE_METHOD_MATCH = YES;
				COPY_PHASE_STRIP = NO;
				DEBUG_INFORMATION_FORMAT = dwarf;
				ENABLE_STRICT_OBJC_MSGSEND = YES;
				ENABLE_TESTABILITY = YES;
				GCC_C_LANGUAGE_STANDARD = gnu11;
				GCC_DYNAMIC_NO_PIC = NO;
				GCC_NO_COMMON_BLOCKS = YES;
				GCC_OPTIMIZATION_LEVEL = 0;
				GCC_PREPROCESSOR_DEFINITIONS = (
					"DEBUG=1",
					"$(inherited)",
				);
				GCC_WARN_64_TO_32_BIT_CONVERSION = YES;
				GCC_WARN_ABOUT_RETURN_TYPE = YES_ERROR;
				GCC_WARN_UNDECLARED_SELECTOR = YES;
				GCC_WARN_UNINITIALIZED_AUTOS = YES_AGGRESSIVE;
				GCC_WARN_UNUSED_FUNCTION = YES;
				GCC_WARN_UNUSED_VARIABLE = YES;
				IPHONEOS_DEPLOYMENT_TARGET = 16.2;
				MTL_ENABLE_DEBUG_INFO = INCLUDE_SOURCE;
				MTL_FAST_MATH = YES;
				ONLY_ACTIVE_ARCH = YES;
				SDKROOT = iphoneos;
				SWIFT_ACTIVE_COMPILATION_CONDITIONS = DEBUG;
				SWIFT_OPTIMIZATION_LEVEL = "-Onone";
			};
			name = Debug;
		};
		C28484E02A758D4300A8912D /* Release */ = {
			isa = XCBuildConfiguration;
			buildSettings = {
				ALWAYS_SEARCH_USER_PATHS = NO;
				CLANG_ANALYZER_NONNULL = YES;
				CLANG_ANALYZER_NUMBER_OBJECT_CONVERSION = YES_AGGRESSIVE;
				CLANG_CXX_LANGUAGE_STANDARD = "gnu++20";
				CLANG_ENABLE_MODULES = YES;
				CLANG_ENABLE_OBJC_ARC = YES;
				CLANG_ENABLE_OBJC_WEAK = YES;
				CLANG_WARN_BLOCK_CAPTURE_AUTORELEASING = YES;
				CLANG_WARN_BOOL_CONVERSION = YES;
				CLANG_WARN_COMMA = YES;
				CLANG_WARN_CONSTANT_CONVERSION = YES;
				CLANG_WARN_DEPRECATED_OBJC_IMPLEMENTATIONS = YES;
				CLANG_WARN_DIRECT_OBJC_ISA_USAGE = YES_ERROR;
				CLANG_WARN_DOCUMENTATION_COMMENTS = YES;
				CLANG_WARN_EMPTY_BODY = YES;
				CLANG_WARN_ENUM_CONVERSION = YES;
				CLANG_WARN_INFINITE_RECURSION = YES;
				CLANG_WARN_INT_CONVERSION = YES;
				CLANG_WARN_NON_LITERAL_NULL_CONVERSION = YES;
				CLANG_WARN_OBJC_IMPLICIT_RETAIN_SELF = YES;
				CLANG_WARN_OBJC_LITERAL_CONVERSION = YES;
				CLANG_WARN_OBJC_ROOT_CLASS = YES_ERROR;
				CLANG_WARN_QUOTED_INCLUDE_IN_FRAMEWORK_HEADER = YES;
				CLANG_WARN_RANGE_LOOP_ANALYSIS = YES;
				CLANG_WARN_STRICT_PROTOTYPES = YES;
				CLANG_WARN_SUSPICIOUS_MOVE = YES;
				CLANG_WARN_UNGUARDED_AVAILABILITY = YES_AGGRESSIVE;
				CLANG_WARN_UNREACHABLE_CODE = YES;
				CLANG_WARN__DUPLICATE_METHOD_MATCH = YES;
				COPY_PHASE_STRIP = NO;
				DEBUG_INFORMATION_FORMAT = "dwarf-with-dsym";
				ENABLE_NS_ASSERTIONS = NO;
				ENABLE_STRICT_OBJC_MSGSEND = YES;
				GCC_C_LANGUAGE_STANDARD = gnu11;
				GCC_NO_COMMON_BLOCKS = YES;
				GCC_WARN_64_TO_32_BIT_CONVERSION = YES;
				GCC_WARN_ABOUT_RETURN_TYPE = YES_ERROR;
				GCC_WARN_UNDECLARED_SELECTOR = YES;
				GCC_WARN_UNINITIALIZED_AUTOS = YES_AGGRESSIVE;
				GCC_WARN_UNUSED_FUNCTION = YES;
				GCC_WARN_UNUSED_VARIABLE = YES;
				IPHONEOS_DEPLOYMENT_TARGET = 16.2;
				MTL_ENABLE_DEBUG_INFO = NO;
				MTL_FAST_MATH = YES;
				SDKROOT = iphoneos;
				SWIFT_COMPILATION_MODE = wholemodule;
				SWIFT_OPTIMIZATION_LEVEL = "-O";
				VALIDATE_PRODUCT = YES;
			};
			name = Release;
		};
		C28484E22A758D4300A8912D /* Debug */ = {
			isa = XCBuildConfiguration;
			buildSettings = {
				ASSETCATALOG_COMPILER_APPICON_NAME = AppIcon;
				ASSETCATALOG_COMPILER_GLOBAL_ACCENT_COLOR_NAME = AccentColor;
				CODE_SIGN_STYLE = Automatic;
				CURRENT_PROJECT_VERSION = 1;
				DEVELOPMENT_TEAM = AAMLMY9566;
				GENERATE_INFOPLIST_FILE = YES;
				INFOPLIST_FILE = MVCExample/Info.plist;
				INFOPLIST_KEY_UIApplicationSupportsIndirectInputEvents = YES;
				INFOPLIST_KEY_UILaunchStoryboardName = LaunchScreen;
				INFOPLIST_KEY_UIMainStoryboardFile = Main;
				INFOPLIST_KEY_UISupportedInterfaceOrientations_iPad = "UIInterfaceOrientationPortrait UIInterfaceOrientationPortraitUpsideDown UIInterfaceOrientationLandscapeLeft UIInterfaceOrientationLandscapeRight";
				INFOPLIST_KEY_UISupportedInterfaceOrientations_iPhone = "UIInterfaceOrientationPortrait UIInterfaceOrientationLandscapeLeft UIInterfaceOrientationLandscapeRight";
				LD_RUNPATH_SEARCH_PATHS = (
					"$(inherited)",
					"@executable_path/Frameworks",
				);
				MARKETING_VERSION = 1.0;
				PRODUCT_BUNDLE_IDENTIFIER = dadm10.cmzr.MVCExample;
				PRODUCT_NAME = "$(TARGET_NAME)";
				SWIFT_EMIT_LOC_STRINGS = YES;
				SWIFT_VERSION = 5.0;
				TARGETED_DEVICE_FAMILY = "1,2";
			};
			name = Debug;
		};
		C28484E32A758D4300A8912D /* Release */ = {
			isa = XCBuildConfiguration;
			buildSettings = {
				ASSETCATALOG_COMPILER_APPICON_NAME = AppIcon;
				ASSETCATALOG_COMPILER_GLOBAL_ACCENT_COLOR_NAME = AccentColor;
				CODE_SIGN_STYLE = Automatic;
				CURRENT_PROJECT_VERSION = 1;
				DEVELOPMENT_TEAM = AAMLMY9566;
				GENERATE_INFOPLIST_FILE = YES;
				INFOPLIST_FILE = MVCExample/Info.plist;
				INFOPLIST_KEY_UIApplicationSupportsIndirectInputEvents = YES;
				INFOPLIST_KEY_UILaunchStoryboardName = LaunchScreen;
				INFOPLIST_KEY_UIMainStoryboardFile = Main;
				INFOPLIST_KEY_UISupportedInterfaceOrientations_iPad = "UIInterfaceOrientationPortrait UIInterfaceOrientationPortraitUpsideDown UIInterfaceOrientationLandscapeLeft UIInterfaceOrientationLandscapeRight";
				INFOPLIST_KEY_UISupportedInterfaceOrientations_iPhone = "UIInterfaceOrientationPortrait UIInterfaceOrientationLandscapeLeft UIInterfaceOrientationLandscapeRight";
				LD_RUNPATH_SEARCH_PATHS = (
					"$(inherited)",
					"@executable_path/Frameworks",
				);
				MARKETING_VERSION = 1.0;
				PRODUCT_BUNDLE_IDENTIFIER = dadm10.cmzr.MVCExample;
				PRODUCT_NAME = "$(TARGET_NAME)";
				SWIFT_EMIT_LOC_STRINGS = YES;
				SWIFT_VERSION = 5.0;
				TARGETED_DEVICE_FAMILY = "1,2";
			};
			name = Release;
		};
/* End XCBuildConfiguration section */

/* Begin XCConfigurationList section */
		C28484C82A758D4000A8912D /* Build configuration list for PBXProject "MVCExample" */ = {
			isa = XCConfigurationList;
			buildConfigurations = (
				C28484DF2A758D4300A8912D /* Debug */,
				C28484E02A758D4300A8912D /* Release */,
			);
			defaultConfigurationIsVisible = 0;
			defaultConfigurationName = Release;
		};
		C28484E12A758D4300A8912D /* Build configuration list for PBXNativeTarget "MVCExample" */ = {
			isa = XCConfigurationList;
			buildConfigurations = (
				C28484E22A758D4300A8912D /* Debug */,
				C28484E32A758D4300A8912D /* Release */,
			);
			defaultConfigurationIsVisible = 0;
			defaultConfigurationName = Release;
		};
/* End XCConfigurationList section */
	};
	rootObject = C28484C52A758D4000A8912D /* Project object */;
}
